
Microsoft Visual Studio Solution File, Format Version 12.00
# Visual Studio Version 17
VisualStudioVersion = 17.6.33829.357
MinimumVisualStudioVersion = 10.0.40219.1
Project("{9A19103F-16F7-4668-BE54-9A1E7A4F7556}") = "Calculator_App", "Calculator_App.csproj", "{3A8C0441-17BB-469C-B408-4BA8F1D81610}"
EndProject
Project("{FAE04EC0-301F-11D3-BF4B-00C04F79EFBC}") = "Calc_Tests", "..\Calc_Tests\Calc_Tests.csproj", "{CCB95E7A-E4CF-49E1-AC0A-DBBDDE0827D8}"
EndProject
Global
	GlobalSection(SolutionConfigurationPlatforms) = preSolution
		Debug|Any CPU = Debug|Any CPU
		Release|Any CPU = Release|Any CPU
	EndGlobalSection
	GlobalSection(ProjectConfigurationPlatforms) = postSolution
		{3A8C0441-17BB-469C-B408-4BA8F1D81610}.Debug|Any CPU.ActiveCfg = Debug|Any CPU
		{3A8C0441-17BB-469C-B408-4BA8F1D81610}.Debug|Any CPU.Build.0 = Debug|Any CPU
		{3A8C0441-17BB-469C-B408-4BA8F1D81610}.Release|Any CPU.ActiveCfg = Release|Any CPU
		{3A8C0441-17BB-469C-B408-4BA8F1D81610}.Release|Any CPU.Build.0 = Release|Any CPU
		{CCB95E7A-E4CF-49E1-AC0A-DBBDDE0827D8}.Debug|Any CPU.ActiveCfg = Debug|Any CPU
		{CCB95E7A-E4CF-49E1-AC0A-DBBDDE0827D8}.Debug|Any CPU.Build.0 = Debug|Any CPU
		{CCB95E7A-E4CF-49E1-AC0A-DBBDDE0827D8}.Release|Any CPU.ActiveCfg = Release|Any CPU
		{CCB95E7A-E4CF-49E1-AC0A-DBBDDE0827D8}.Release|Any CPU.Build.0 = Release|Any CPU
	EndGlobalSection
	GlobalSection(SolutionProperties) = preSolution
		HideSolutionNode = FALSE
	EndGlobalSection
	GlobalSection(ExtensibilityGlobals) = postSolution
		SolutionGuid = {97161A8C-F942-4A5F-93DB-2C7DC2DBBF44}
	EndGlobalSection
EndGlobal
